
Microsoft Visual Studio Solution File, Format Version 11.00
# Visual Studio 2010
Project("{2150E333-8FDC-42A3-9474-1A3956D46DE8}") = "PIMS Project template", "PIMS Project template", "{DD5DF44B-A251-415E-8596-12DF7CAFEEF0}"
EndProject
Project("{E24C65DC-7377-472B-9ABA-BC803B73C61A}") = "PIMS Development Version", "..\", "{797D702A-512A-4C8D-9E36-51B806460482}"
	ProjectSection(WebsiteProperties) = preProject
		TargetFrameworkMoniker = ".NETFramework,Version%3Dv4.0"
		ProjectReferences = "{0CF82F5C-E72D-4C2A-9716-0156422BC3B1}|JavaScriptLibrary.dll;"
		Debug.AspNetCompiler.VirtualPath = "/PIMS Development Version"
		Debug.AspNetCompiler.PhysicalPath = "..\..\PIMS Development Version\"
		Debug.AspNetCompiler.TargetPath = "PrecompiledWeb\PIMS Development Version\"
		Debug.AspNetCompiler.Updateable = "true"
		Debug.AspNetCompiler.ForceOverwrite = "true"
		Debug.AspNetCompiler.FixedNames = "false"
		Debug.AspNetCompiler.Debug = "True"
		Release.AspNetCompiler.VirtualPath = "/PIMS Development Version"
		Release.AspNetCompiler.PhysicalPath = "..\..\PIMS Development Version\"
		Release.AspNetCompiler.TargetPath = "PrecompiledWeb\PIMS Development Version\"
		Release.AspNetCompiler.Updateable = "true"
		Release.AspNetCompiler.ForceOverwrite = "true"
		Release.AspNetCompiler.FixedNames = "false"
		Release.AspNetCompiler.Debug = "False"
		VWDPort = "53939"
	EndProjectSection
EndProject
Project("{FAE04EC0-301F-11D3-BF4B-00C04F79EFBC}") = "JavaScriptLibrary", "JavaScriptLibrary\JavaScriptLibrary.csproj", "{0CF82F5C-E72D-4C2A-9716-0156422BC3B1}"
EndProject
Global
	GlobalSection(SolutionConfigurationPlatforms) = preSolution
		Debug|Any CPU = Debug|Any CPU
		Release|Any CPU = Release|Any CPU
	EndGlobalSection
	GlobalSection(ProjectConfigurationPlatforms) = postSolution
		{797D702A-512A-4C8D-9E36-51B806460482}.Debug|Any CPU.ActiveCfg = Debug|Any CPU
		{797D702A-512A-4C8D-9E36-51B806460482}.Debug|Any CPU.Build.0 = Debug|Any CPU
		{797D702A-512A-4C8D-9E36-51B806460482}.Release|Any CPU.ActiveCfg = Debug|Any CPU
		{797D702A-512A-4C8D-9E36-51B806460482}.Release|Any CPU.Build.0 = Debug|Any CPU
		{0CF82F5C-E72D-4C2A-9716-0156422BC3B1}.Debug|Any CPU.ActiveCfg = Debug|Any CPU
		{0CF82F5C-E72D-4C2A-9716-0156422BC3B1}.Debug|Any CPU.Build.0 = Debug|Any CPU
		{0CF82F5C-E72D-4C2A-9716-0156422BC3B1}.Release|Any CPU.ActiveCfg = Release|Any CPU
		{0CF82F5C-E72D-4C2A-9716-0156422BC3B1}.Release|Any CPU.Build.0 = Release|Any CPU
	EndGlobalSection
	GlobalSection(SolutionProperties) = preSolution
		HideSolutionNode = FALSE
	EndGlobalSection
EndGlobal
