
Microsoft Visual Studio Solution File, Format Version 11.00
# Visual Studio 2010
Project("{FAE04EC0-301F-11D3-BF4B-00C04F79EFBC}") = "PSPITS.DAL", "PSPITS.DAL.BASE\PSPITS.DAL.csproj", "{DFCA043D-47D4-4573-8D06-28B65CFDF417}"
EndProject
Project("{FAE04EC0-301F-11D3-BF4B-00C04F79EFBC}") = "PSPITS.DAL.DATA", "PSPITS.DAL.DATA\PSPITS.DAL.DATA.csproj", "{AF9426F2-14F2-4113-B35E-DBE5659FD791}"
EndProject
Project("{FAE04EC0-301F-11D3-BF4B-00C04F79EFBC}") = "PSPITS.COMMON", "PSPITS.DAL.COMMON\PSPITS.COMMON.csproj", "{0F22517C-427D-4326-8645-8E6D8331F166}"
EndProject
Project("{FAE04EC0-301F-11D3-BF4B-00C04F79EFBC}") = "PSPITS.MODEL", "PSPITS.MODEL\PSPITS.MODEL.csproj", "{83EC2FAE-0834-4D54-8B20-7A9267B1B5ED}"
EndProject
Global
	GlobalSection(SolutionConfigurationPlatforms) = preSolution
		Debug|Any CPU = Debug|Any CPU
		Release|Any CPU = Release|Any CPU
	EndGlobalSection
	GlobalSection(ProjectConfigurationPlatforms) = postSolution
		{DFCA043D-47D4-4573-8D06-28B65CFDF417}.Debug|Any CPU.ActiveCfg = Debug|Any CPU
		{DFCA043D-47D4-4573-8D06-28B65CFDF417}.Debug|Any CPU.Build.0 = Debug|Any CPU
		{DFCA043D-47D4-4573-8D06-28B65CFDF417}.Release|Any CPU.ActiveCfg = Release|Any CPU
		{DFCA043D-47D4-4573-8D06-28B65CFDF417}.Release|Any CPU.Build.0 = Release|Any CPU
		{AF9426F2-14F2-4113-B35E-DBE5659FD791}.Debug|Any CPU.ActiveCfg = Debug|Any CPU
		{AF9426F2-14F2-4113-B35E-DBE5659FD791}.Debug|Any CPU.Build.0 = Debug|Any CPU
		{AF9426F2-14F2-4113-B35E-DBE5659FD791}.Release|Any CPU.ActiveCfg = Release|Any CPU
		{AF9426F2-14F2-4113-B35E-DBE5659FD791}.Release|Any CPU.Build.0 = Release|Any CPU
		{0F22517C-427D-4326-8645-8E6D8331F166}.Debug|Any CPU.ActiveCfg = Debug|Any CPU
		{0F22517C-427D-4326-8645-8E6D8331F166}.Debug|Any CPU.Build.0 = Debug|Any CPU
		{0F22517C-427D-4326-8645-8E6D8331F166}.Release|Any CPU.ActiveCfg = Release|Any CPU
		{0F22517C-427D-4326-8645-8E6D8331F166}.Release|Any CPU.Build.0 = Release|Any CPU
		{83EC2FAE-0834-4D54-8B20-7A9267B1B5ED}.Debug|Any CPU.ActiveCfg = Debug|Any CPU
		{83EC2FAE-0834-4D54-8B20-7A9267B1B5ED}.Debug|Any CPU.Build.0 = Debug|Any CPU
		{83EC2FAE-0834-4D54-8B20-7A9267B1B5ED}.Release|Any CPU.ActiveCfg = Release|Any CPU
		{83EC2FAE-0834-4D54-8B20-7A9267B1B5ED}.Release|Any CPU.Build.0 = Release|Any CPU
	EndGlobalSection
	GlobalSection(SolutionProperties) = preSolution
		HideSolutionNode = FALSE
	EndGlobalSection
EndGlobal
